// !$*UTF8*$!
{
	archiveVersion = 1;
	classes = {
	};
	objectVersion = 46;
	objects = {

/* Begin PBXBuildFile section */
		D6B61BB91DD291EC00BE84C8 /* AppDelegate.swift in Sources */ = {isa = PBXBuildFile; fileRef = D6B61BB81DD291EC00BE84C8 /* AppDelegate.swift */; };
		D6B61BBB1DD291EC00BE84C8 /* ViewController.swift in Sources */ = {isa = PBXBuildFile; fileRef = D6B61BBA1DD291EC00BE84C8 /* ViewController.swift */; };
		D6B61BBE1DD291EC00BE84C8 /* Main.storyboard in Resources */ = {isa = PBXBuildFile; fileRef = D6B61BBC1DD291EC00BE84C8 /* Main.storyboard */; };
		D6B61BC01DD291EC00BE84C8 /* Assets.xcassets in Resources */ = {isa = PBXBuildFile; fileRef = D6B61BBF1DD291EC00BE84C8 /* Assets.xcassets */; };
		D6B61BC31DD291EC00BE84C8 /* LaunchScreen.storyboard in Resources */ = {isa = PBXBuildFile; fileRef = D6B61BC11DD291EC00BE84C8 /* LaunchScreen.storyboard */; };
		D6B61BCE1DD291ED00BE84C8 /* FoodDemoTests.swift in Sources */ = {isa = PBXBuildFile; fileRef = D6B61BCD1DD291ED00BE84C8 /* FoodDemoTests.swift */; };
/* End PBXBuildFile section */

/* Begin PBXContainerItemProxy section */
		D6B61BCA1DD291ED00BE84C8 /* PBXContainerItemProxy */ = {
			isa = PBXContainerItemProxy;
			containerPortal = D6B61BAD1DD291EC00BE84C8 /* Project object */;
			proxyType = 1;
			remoteGlobalIDString = D6B61BB41DD291EC00BE84C8;
			remoteInfo = FoodDemo;
		};
/* End PBXContainerItemProxy section */

/* Begin PBXFileReference section */
		D6B61BB51DD291EC00BE84C8 /* FoodDemo.app */ = {isa = PBXFileReference; explicitFileType = wrapper.application; includeInIndex = 0; path = FoodDemo.app; sourceTree = BUILT_PRODUCTS_DIR; };
		D6B61BB81DD291EC00BE84C8 /* AppDelegate.swift */ = {isa = PBXFileReference; lastKnownFileType = sourcecode.swift; path = AppDelegate.swift; sourceTree = "<group>"; };
		D6B61BBA1DD291EC00BE84C8 /* ViewController.swift */ = {isa = PBXFileReference; lastKnownFileType = sourcecode.swift; path = ViewController.swift; sourceTree = "<group>"; };
		D6B61BBD1DD291EC00BE84C8 /* Base */ = {isa = PBXFileReference; lastKnownFileType = file.storyboard; name = Base; path = Base.lproj/Main.storyboard; sourceTree = "<group>"; };
		D6B61BBF1DD291EC00BE84C8 /* Assets.xcassets */ = {isa = PBXFileReference; lastKnownFileType = folder.assetcatalog; path = Assets.xcassets; sourceTree = "<group>"; };
		D6B61BC21DD291EC00BE84C8 /* Base */ = {isa = PBXFileReference; lastKnownFileType = file.storyboard; name = Base; path = Base.lproj/LaunchScreen.storyboard; sourceTree = "<group>"; };
		D6B61BC41DD291EC00BE84C8 /* Info.plist */ = {isa = PBXFileReference; lastKnownFileType = text.plist.xml; path = Info.plist; sourceTree = "<group>"; };
		D6B61BC91DD291ED00BE84C8 /* FoodDemoTests.xctest */ = {isa = PBXFileReference; explicitFileType = wrapper.cfbundle; includeInIndex = 0; path = FoodDemoTests.xctest; sourceTree = BUILT_PRODUCTS_DIR; };
		D6B61BCD1DD291ED00BE84C8 /* FoodDemoTests.swift */ = {isa = PBXFileReference; lastKnownFileType = sourcecode.swift; path = FoodDemoTests.swift; sourceTree = "<group>"; };
		D6B61BCF1DD291ED00BE84C8 /* Info.plist */ = {isa = PBXFileReference; lastKnownFileType = text.plist.xml; path = Info.plist; sourceTree = "<group>"; };
/* End PBXFileReference section */

/* Begin PBXFrameworksBuildPhase section */
		D6B61BB21DD291EC00BE84C8 /* Frameworks */ = {
			isa = PBXFrameworksBuildPhase;
			buildActionMask = 2147483647;
			files = (
			);
			runOnlyForDeploymentPostprocessing = 0;
		};
		D6B61BC61DD291ED00BE84C8 /* Frameworks */ = {
			isa = PBXFrameworksBuildPhase;
			buildActionMask = 2147483647;
			files = (
			);
			runOnlyForDeploymentPostprocessing = 0;
		};
/* End PBXFrameworksBuildPhase section */

/* Begin PBXGroup section */
		D6B61BAC1DD291EC00BE84C8 = {
			isa = PBXGroup;
			children = (
				D6B61BB71DD291EC00BE84C8 /* FoodDemo */,
				D6B61BCC1DD291ED00BE84C8 /* FoodDemoTests */,
				D6B61BB61DD291EC00BE84C8 /* Products */,
			);
			sourceTree = "<group>";
		};
		D6B61BB61DD291EC00BE84C8 /* Products */ = {
			isa = PBXGroup;
			children = (
				D6B61BB51DD291EC00BE84C8 /* FoodDemo.app */,
				D6B61BC91DD291ED00BE84C8 /* FoodDemoTests.xctest */,
			);
			name = Products;
			sourceTree = "<group>";
		};
		D6B61BB71DD291EC00BE84C8 /* FoodDemo */ = {
			isa = PBXGroup;
			children = (
				D6B61BB81DD291EC00BE84C8 /* AppDelegate.swift */,
				D6B61BBA1DD291EC00BE84C8 /* ViewController.swift */,
				D6B61BBC1DD291EC00BE84C8 /* Main.storyboard */,
				D6B61BBF1DD291EC00BE84C8 /* Assets.xcassets */,
				D6B61BC11DD291EC00BE84C8 /* LaunchScreen.storyboard */,
				D6B61BC41DD291EC00BE84C8 /* Info.plist */,
			);
			path = FoodDemo;
			sourceTree = "<group>";
		};
		D6B61BCC1DD291ED00BE84C8 /* FoodDemoTests */ = {
			isa = PBXGroup;
			children = (
				D6B61BCD1DD291ED00BE84C8 /* FoodDemoTests.swift */,
				D6B61BCF1DD291ED00BE84C8 /* Info.plist */,
			);
			path = FoodDemoTests;
			sourceTree = "<group>";
		};
/* End PBXGroup section */

/* Begin PBXNativeTarget section */
		D6B61BB41DD291EC00BE84C8 /* FoodDemo */ = {
			isa = PBXNativeTarget;
			buildConfigurationList = D6B61BD21DD291ED00BE84C8 /* Build configuration list for PBXNativeTarget "FoodDemo" */;
			buildPhases = (
				D6B61BB11DD291EC00BE84C8 /* Sources */,
				D6B61BB21DD291EC00BE84C8 /* Frameworks */,
				D6B61BB31DD291EC00BE84C8 /* Resources */,
			);
			buildRules = (
			);
			dependencies = (
			);
			name = FoodDemo;
			productName = FoodDemo;
			productReference = D6B61BB51DD291EC00BE84C8 /* FoodDemo.app */;
			productType = "com.apple.product-type.application";
		};
		D6B61BC81DD291ED00BE84C8 /* FoodDemoTests */ = {
			isa = PBXNativeTarget;
			buildConfigurationList = D6B61BD51DD291ED00BE84C8 /* Build configuration list for PBXNativeTarget "FoodDemoTests" */;
			buildPhases = (
				D6B61BC51DD291ED00BE84C8 /* Sources */,
				D6B61BC61DD291ED00BE84C8 /* Frameworks */,
				D6B61BC71DD291ED00BE84C8 /* Resources */,
			);
			buildRules = (
			);
			dependencies = (
				D6B61BCB1DD291ED00BE84C8 /* PBXTargetDependency */,
			);
			name = FoodDemoTests;
			productName = FoodDemoTests;
			productReference = D6B61BC91DD291ED00BE84C8 /* FoodDemoTests.xctest */;
			productType = "com.apple.product-type.bundle.unit-test";
		};
/* End PBXNativeTarget section */

/* Begin PBXProject section */
		D6B61BAD1DD291EC00BE84C8 /* Project object */ = {
			isa = PBXProject;
			attributes = {
				LastSwiftUpdateCheck = 0810;
				LastUpgradeCheck = 0810;
				TargetAttributes = {
					D6B61BB41DD291EC00BE84C8 = {
						CreatedOnToolsVersion = 8.1;
						ProvisioningStyle = Automatic;
					};
					D6B61BC81DD291ED00BE84C8 = {
						CreatedOnToolsVersion = 8.1;
						DevelopmentTeam = BF48B7KGQT;
						ProvisioningStyle = Automatic;
						TestTargetID = D6B61BB41DD291EC00BE84C8;
					};
				};
			};
			buildConfigurationList = D6B61BB01DD291EC00BE84C8 /* Build configuration list for PBXProject "FoodDemo" */;
			compatibilityVersion = "Xcode 3.2";
			developmentRegion = English;
			hasScannedForEncodings = 0;
			knownRegions = (
				en,
				Base,
			);
			mainGroup = D6B61BAC1DD291EC00BE84C8;
			productRefGroup = D6B61BB61DD291EC00BE84C8 /* Products */;
			projectDirPath = "";
			projectRoot = "";
			targets = (
				D6B61BB41DD291EC00BE84C8 /* FoodDemo */,
				D6B61BC81DD291ED00BE84C8 /* FoodDemoTests */,
			);
		};
/* End PBXProject section */

/* Begin PBXResourcesBuildPhase section */
		D6B61BB31DD291EC00BE84C8 /* Resources */ = {
			isa = PBXResourcesBuildPhase;
			buildActionMask = 2147483647;
			files = (
				D6B61BC31DD291EC00BE84C8 /* LaunchScreen.storyboard in Resources */,
				D6B61BC01DD291EC00BE84C8 /* Assets.xcassets in Resources */,
				D6B61BBE1DD291EC00BE84C8 /* Main.storyboard in Resources */,
			);
			runOnlyForDeploymentPostprocessing = 0;
		};
		D6B61BC71DD291ED00BE84C8 /* Resources */ = {
			isa = PBXResourcesBuildPhase;
			buildActionMask = 2147483647;
			files = (
			);
			runOnlyForDeploymentPostprocessing = 0;
		};
/* End PBXResourcesBuildPhase section */

/* Begin PBXSourcesBuildPhase section */
		D6B61BB11DD291EC00BE84C8 /* Sources */ = {
			isa = PBXSourcesBuildPhase;
			buildActionMask = 2147483647;
			files = (
				D6B61BBB1DD291EC00BE84C8 /* ViewController.swift in Sources */,
				D6B61BB91DD291EC00BE84C8 /* AppDelegate.swift in Sources */,
			);
			runOnlyForDeploymentPostprocessing = 0;
		};
		D6B61BC51DD291ED00BE84C8 /* Sources */ = {
			isa = PBXSourcesBuildPhase;
			buildActionMask = 2147483647;
			files = (
				D6B61BCE1DD291ED00BE84C8 /* FoodDemoTests.swift in Sources */,
			);
			runOnlyForDeploymentPostprocessing = 0;
		};
/* End PBXSourcesBuildPhase section */

/* Begin PBXTargetDependency section */
		D6B61BCB1DD291ED00BE84C8 /* PBXTargetDependency */ = {
			isa = PBXTargetDependency;
			target = D6B61BB41DD291EC00BE84C8 /* FoodDemo */;
			targetProxy = D6B61BCA1DD291ED00BE84C8 /* PBXContainerItemProxy */;
		};
/* End PBXTargetDependency section */

/* Begin PBXVariantGroup section */
		D6B61BBC1DD291EC00BE84C8 /* Main.storyboard */ = {
			isa = PBXVariantGroup;
			children = (
				D6B61BBD1DD291EC00BE84C8 /* Base */,
			);
			name = Main.storyboard;
			sourceTree = "<group>";
		};
		D6B61BC11DD291EC00BE84C8 /* LaunchScreen.storyboard */ = {
			isa = PBXVariantGroup;
			children = (
				D6B61BC21DD291EC00BE84C8 /* Base */,
			);
			name = LaunchScreen.storyboard;
			sourceTree = "<group>";
		};
/* End PBXVariantGroup section */

/* Begin XCBuildConfiguration section */
		D6B61BD01DD291ED00BE84C8 /* Debug */ = {
			isa = XCBuildConfiguration;
			buildSettings = {
				ALWAYS_SEARCH_USER_PATHS = NO;
				CLANG_ANALYZER_NONNULL = YES;
				CLANG_CXX_LANGUAGE_STANDARD = "gnu++0x";
				CLANG_CXX_LIBRARY = "libc++";
				CLANG_ENABLE_MODULES = YES;
				CLANG_ENABLE_OBJC_ARC = YES;
				CLANG_WARN_BOOL_CONVERSION = YES;
				CLANG_WARN_CONSTANT_CONVERSION = YES;
				CLANG_WARN_DIRECT_OBJC_ISA_USAGE = YES_ERROR;
				CLANG_WARN_DOCUMENTATION_COMMENTS = YES;
				CLANG_WARN_EMPTY_BODY = YES;
				CLANG_WARN_ENUM_CONVERSION = YES;
				CLANG_WARN_INFINITE_RECURSION = YES;
				CLANG_WARN_INT_CONVERSION = YES;
				CLANG_WARN_OBJC_ROOT_CLASS = YES_ERROR;
				CLANG_WARN_SUSPICIOUS_MOVES = YES;
				CLANG_WARN_UNREACHABLE_CODE = YES;
				CLANG_WARN__DUPLICATE_METHOD_MATCH = YES;
				"CODE_SIGN_IDENTITY[sdk=iphoneos*]" = "iPhone Developer";
				COPY_PHASE_STRIP = NO;
				DEBUG_INFORMATION_FORMAT = dwarf;
				ENABLE_STRICT_OBJC_MSGSEND = YES;
				ENABLE_TESTABILITY = YES;
				GCC_C_LANGUAGE_STANDARD = gnu99;
				GCC_DYNAMIC_NO_PIC = NO;
				GCC_NO_COMMON_BLOCKS = YES;
				GCC_OPTIMIZATION_LEVEL = 0;
				GCC_PREPROCESSOR_DEFINITIONS = (
					"DEBUG=1",
					"$(inherited)",
				);
				GCC_WARN_64_TO_32_BIT_CONVERSION = YES;
				GCC_WARN_ABOUT_RETURN_TYPE = YES_ERROR;
				GCC_WARN_UNDECLARED_SELECTOR = YES;
				GCC_WARN_UNINITIALIZED_AUTOS = YES_AGGRESSIVE;
				GCC_WARN_UNUSED_FUNCTION = YES;
				GCC_WARN_UNUSED_VARIABLE = YES;
				IPHONEOS_DEPLOYMENT_TARGET = 10.1;
				MTL_ENABLE_DEBUG_INFO = YES;
				ONLY_ACTIVE_ARCH = YES;
				SDKROOT = iphoneos;
				SWIFT_ACTIVE_COMPILATION_CONDITIONS = DEBUG;
				SWIFT_OPTIMIZATION_LEVEL = "-Onone";
				TARGETED_DEVICE_FAMILY = "1,2";
			};
			name = Debug;
		};
		D6B61BD11DD291ED00BE84C8 /* Release */ = {
			isa = XCBuildConfiguration;
			buildSettings = {
				ALWAYS_SEARCH_USER_PATHS = NO;
				CLANG_ANALYZER_NONNULL = YES;
				CLANG_CXX_LANGUAGE_STANDARD = "gnu++0x";
				CLANG_CXX_LIBRARY = "libc++";
				CLANG_ENABLE_MODULES = YES;
				CLANG_ENABLE_OBJC_ARC = YES;
				CLANG_WARN_BOOL_CONVERSION = YES;
				CLANG_WARN_CONSTANT_CONVERSION = YES;
				CLANG_WARN_DIRECT_OBJC_ISA_USAGE = YES_ERROR;
				CLANG_WARN_DOCUMENTATION_COMMENTS = YES;
				CLANG_WARN_EMPTY_BODY = YES;
				CLANG_WARN_ENUM_CONVERSION = YES;
				CLANG_WARN_INFINITE_RECURSION = YES;
				CLANG_WARN_INT_CONVERSION = YES;
				CLANG_WARN_OBJC_ROOT_CLASS = YES_ERROR;
				CLANG_WARN_SUSPICIOUS_MOVES = YES;
				CLANG_WARN_UNREACHABLE_CODE = YES;
				CLANG_WARN__DUPLICATE_METHOD_MATCH = YES;
				"CODE_SIGN_IDENTITY[sdk=iphoneos*]" = "iPhone Developer";
				COPY_PHASE_STRIP = NO;
				DEBUG_INFORMATION_FORMAT = "dwarf-with-dsym";
				ENABLE_NS_ASSERTIONS = NO;
				ENABLE_STRICT_OBJC_MSGSEND = YES;
				GCC_C_LANGUAGE_STANDARD = gnu99;
				GCC_NO_COMMON_BLOCKS = YES;
				GCC_WARN_64_TO_32_BIT_CONVERSION = YES;
				GCC_WARN_ABOUT_RETURN_TYPE = YES_ERROR;
				GCC_WARN_UNDECLARED_SELECTOR = YES;
				GCC_WARN_UNINITIALIZED_AUTOS = YES_AGGRESSIVE;
				GCC_WARN_UNUSED_FUNCTION = YES;
				GCC_WARN_UNUSED_VARIABLE = YES;
				IPHONEOS_DEPLOYMENT_TARGET = 10.1;
				MTL_ENABLE_DEBUG_INFO = NO;
				SDKROOT = iphoneos;
				SWIFT_OPTIMIZATION_LEVEL = "-Owholemodule";
				TARGETED_DEVICE_FAMILY = "1,2";
				VALIDATE_PRODUCT = YES;
			};
			name = Release;
		};
		D6B61BD31DD291ED00BE84C8 /* Debug */ = {
			isa = XCBuildConfiguration;
			buildSettings = {
				ASSETCATALOG_COMPILER_APPICON_NAME = AppIcon;
				DEVELOPMENT_TEAM = "";
				INFOPLIST_FILE = FoodDemo/Info.plist;
				LD_RUNPATH_SEARCH_PATHS = "$(inherited) @executable_path/Frameworks";
				PRODUCT_BUNDLE_IDENTIFIER = com.example.FoodDemo;
				PRODUCT_NAME = "$(TARGET_NAME)";
				SWIFT_VERSION = 3.0;
			};
			name = Debug;
		};
		D6B61BD41DD291ED00BE84C8 /* Release */ = {
			isa = XCBuildConfiguration;
			buildSettings = {
				ASSETCATALOG_COMPILER_APPICON_NAME = AppIcon;
				DEVELOPMENT_TEAM = "";
				INFOPLIST_FILE = FoodDemo/Info.plist;
				LD_RUNPATH_SEARCH_PATHS = "$(inherited) @executable_path/Frameworks";
				PRODUCT_BUNDLE_IDENTIFIER = com.example.FoodDemo;
				PRODUCT_NAME = "$(TARGET_NAME)";
				SWIFT_VERSION = 3.0;
			};
			name = Release;
		};
		D6B61BD61DD291ED00BE84C8 /* Debug */ = {
			isa = XCBuildConfiguration;
			buildSettings = {
				ALWAYS_EMBED_SWIFT_STANDARD_LIBRARIES = YES;
				BUNDLE_LOADER = "$(TEST_HOST)";
				DEVELOPMENT_TEAM = BF48B7KGQT;
				INFOPLIST_FILE = FoodDemoTests/Info.plist;
				LD_RUNPATH_SEARCH_PATHS = "$(inherited) @executable_path/Frameworks @loader_path/Frameworks";
				PRODUCT_BUNDLE_IDENTIFIER = com.example.FoodDemoTests;
				PRODUCT_NAME = "$(TARGET_NAME)";
				SWIFT_VERSION = 3.0;
				TEST_HOST = "$(BUILT_PRODUCTS_DIR)/FoodDemo.app/FoodDemo";
			};
			name = Debug;
		};
		D6B61BD71DD291ED00BE84C8 /* Release */ = {
			isa = XCBuildConfiguration;
			buildSettings = {
				ALWAYS_EMBED_SWIFT_STANDARD_LIBRARIES = YES;
				BUNDLE_LOADER = "$(TEST_HOST)";
				DEVELOPMENT_TEAM = BF48B7KGQT;
				INFOPLIST_FILE = FoodDemoTests/Info.plist;
				LD_RUNPATH_SEARCH_PATHS = "$(inherited) @executable_path/Frameworks @loader_path/Frameworks";
				PRODUCT_BUNDLE_IDENTIFIER = com.example.FoodDemoTests;
				PRODUCT_NAME = "$(TARGET_NAME)";
				SWIFT_VERSION = 3.0;
				TEST_HOST = "$(BUILT_PRODUCTS_DIR)/FoodDemo.app/FoodDemo";
			};
			name = Release;
		};
/* End XCBuildConfiguration section */

/* Begin XCConfigurationList section */
		D6B61BB01DD291EC00BE84C8 /* Build configuration list for PBXProject "FoodDemo" */ = {
			isa = XCConfigurationList;
			buildConfigurations = (
				D6B61BD01DD291ED00BE84C8 /* Debug */,
				D6B61BD11DD291ED00BE84C8 /* Release */,
			);
			defaultConfigurationIsVisible = 0;
			defaultConfigurationName = Release;
		};
		D6B61BD21DD291ED00BE84C8 /* Build configuration list for PBXNativeTarget "FoodDemo" */ = {
			isa = XCConfigurationList;
			buildConfigurations = (
				D6B61BD31DD291ED00BE84C8 /* Debug */,
				D6B61BD41DD291ED00BE84C8 /* Release */,
			);
			defaultConfigurationIsVisible = 0;
		};
		D6B61BD51DD291ED00BE84C8 /* Build configuration list for PBXNativeTarget "FoodDemoTests" */ = {
			isa = XCConfigurationList;
			buildConfigurations = (
				D6B61BD61DD291ED00BE84C8 /* Debug */,
				D6B61BD71DD291ED00BE84C8 /* Release */,
			);
			defaultConfigurationIsVisible = 0;
		};
/* End XCConfigurationList section */
	};
	rootObject = D6B61BAD1DD291EC00BE84C8 /* Project object */;
}
